
Microsoft Visual Studio Solution File, Format Version 12.00
# Visual Studio Version 17
VisualStudioVersion = 17.14.36616.10
MinimumVisualStudioVersion = 10.0.40219.1
Project("{2150E333-8FDC-42A3-9474-1A3956D46DE8}") = "Task0", "Task0", "{36D591C7-65C7-A0D1-1CBC-10CDE441BDC8}"
EndProject
Project("{FAE04EC0-301F-11D3-BF4B-00C04F79EFBC}") = "Tyuiu.EvdokimovKP.Sprint5.Task0.V27", "Tyuiu.EvdokimovKP.Sprint5.Task0.V27\Tyuiu.EvdokimovKP.Sprint5.Task0.V27.csproj", "{7BBD2EC7-231D-4D70-9EE7-ADA919BCD7FB}"
EndProject
Project("{FAE04EC0-301F-11D3-BF4B-00C04F79EFBC}") = "Tyuiu.EvdokimovKP.Sprint5.Task0.V27.Lib", "Tyuiu.EvdokimovKP.Sprint5.Task0.V27.Lib\Tyuiu.EvdokimovKP.Sprint5.Task0.V27.Lib.csproj", "{273B9E5C-B715-404A-ADF9-7D786502C8E6}"
EndProject
Project("{FAE04EC0-301F-11D3-BF4B-00C04F79EFBC}") = "Tyuiu.EvdokimovKP.Sprint5.Task0.V27.Test", "Tyuiu.EvdokimovKP.Sprint5.Task0.V27.Test\Tyuiu.EvdokimovKP.Sprint5.Task0.V27.Test.csproj", "{C30A278A-0A14-4B41-9B22-F241628587AB}"
EndProject
Project("{2150E333-8FDC-42A3-9474-1A3956D46DE8}") = "Task1", "Task1", "{4E7282C3-CE8E-46A4-8F3F-CF68FCE63972}"
EndProject
Project("{FAE04EC0-301F-11D3-BF4B-00C04F79EFBC}") = "Tyuiu.EvdokimovKP.Sprint5.Task1.V26", "Tyuiu.EvdokimovKP.Sprint5.Task1.V26\Tyuiu.EvdokimovKP.Sprint5.Task1.V26.csproj", "{22CB4D62-DA0E-4847-9395-9B2FE6F782BB}"
EndProject
Project("{FAE04EC0-301F-11D3-BF4B-00C04F79EFBC}") = "Tyuiu.EvdokimovKP.Sprint5.Task1.V26.Lib", "Tyuiu.EvdokimovKP.Sprint5.Task1.V26.Lib\Tyuiu.EvdokimovKP.Sprint5.Task1.V26.Lib.csproj", "{7A61166E-5D5A-4220-A1E2-0B287AF2A2BA}"
EndProject
Project("{FAE04EC0-301F-11D3-BF4B-00C04F79EFBC}") = "Tyuiu.EvdokimovKP.Sprint5.Task1.V26.Test", "Tyuiu.EvdokimovKP.Sprint5.Task1.V26.Test\Tyuiu.EvdokimovKP.Sprint5.Task1.V26.Test.csproj", "{B8706BA5-0DAB-4CF0-B38D-09637A77379F}"
EndProject
Project("{2150E333-8FDC-42A3-9474-1A3956D46DE8}") = "Task2", "Task2", "{B5CD9007-0CEE-4CE6-BC8B-A2824DCD25B0}"
EndProject
Project("{FAE04EC0-301F-11D3-BF4B-00C04F79EFBC}") = "Tyuiu.EvdokimovKP.Sprint5.Task2.V19", "Tyuiu.EvdokimovKP.Sprint5.Task2.V19\Tyuiu.EvdokimovKP.Sprint5.Task2.V19.csproj", "{92DA33F4-3E9B-450B-81A6-B8A1538E28F6}"
EndProject
Project("{FAE04EC0-301F-11D3-BF4B-00C04F79EFBC}") = "Tyuiu.EvdokimovKP.Sprint5.Task2.V19.Lib", "Tyuiu.EvdokimovKP.Sprint5.Task2.V19.Lib\Tyuiu.EvdokimovKP.Sprint5.Task2.V19.Lib.csproj", "{60E6D006-F8B6-4C78-B8F6-DC61A7E05BC7}"
EndProject
Project("{FAE04EC0-301F-11D3-BF4B-00C04F79EFBC}") = "Tyuiu.EvdokimovKP.Sprint5.Task2.V19.Test", "Tyuiu.EvdokimovKP.Sprint5.Task2.V19.Test\Tyuiu.EvdokimovKP.Sprint5.Task2.V19.Test.csproj", "{AB09B498-51A2-4851-BDBF-8AEC60A1E393}"
EndProject
Project("{2150E333-8FDC-42A3-9474-1A3956D46DE8}") = "Task3", "Task3", "{3842796F-6E3E-4648-8B70-898801977C0F}"
EndProject
Project("{FAE04EC0-301F-11D3-BF4B-00C04F79EFBC}") = "Tyuiu.EvdokimovKP.Sprint5.Task3.V28", "Tyuiu.EvdokimovKP.Sprint5.Task3.V28\Tyuiu.EvdokimovKP.Sprint5.Task3.V28.csproj", "{01D4854B-452C-4FCD-9F8F-7D49A3A19D81}"
EndProject
Project("{FAE04EC0-301F-11D3-BF4B-00C04F79EFBC}") = "Tyuiu.EvdokimovKP.Sprint5.Task3.V28.Lib", "Tyuiu.EvdokimovKP.Sprint5.Task3.V28.Lib\Tyuiu.EvdokimovKP.Sprint5.Task3.V28.Lib.csproj", "{F427812F-B8D8-45E5-838F-EC07A7C3E348}"
EndProject
Project("{FAE04EC0-301F-11D3-BF4B-00C04F79EFBC}") = "Tyuiu.EvdokimovKP.Sprint5.Task3.V28.Test", "Tyuiu.EvdokimovKP.Sprint5.Task3.V28.Test\Tyuiu.EvdokimovKP.Sprint5.Task3.V28.Test.csproj", "{F68E98C6-46E1-46C5-A404-948D7AC7AFC9}"
EndProject
Global
	GlobalSection(SolutionConfigurationPlatforms) = preSolution
		Debug|Any CPU = Debug|Any CPU
		Release|Any CPU = Release|Any CPU
	EndGlobalSection
	GlobalSection(ProjectConfigurationPlatforms) = postSolution
		{7BBD2EC7-231D-4D70-9EE7-ADA919BCD7FB}.Debug|Any CPU.ActiveCfg = Debug|Any CPU
		{7BBD2EC7-231D-4D70-9EE7-ADA919BCD7FB}.Debug|Any CPU.Build.0 = Debug|Any CPU
		{7BBD2EC7-231D-4D70-9EE7-ADA919BCD7FB}.Release|Any CPU.ActiveCfg = Release|Any CPU
		{7BBD2EC7-231D-4D70-9EE7-ADA919BCD7FB}.Release|Any CPU.Build.0 = Release|Any CPU
		{273B9E5C-B715-404A-ADF9-7D786502C8E6}.Debug|Any CPU.ActiveCfg = Debug|Any CPU
		{273B9E5C-B715-404A-ADF9-7D786502C8E6}.Debug|Any CPU.Build.0 = Debug|Any CPU
		{273B9E5C-B715-404A-ADF9-7D786502C8E6}.Release|Any CPU.ActiveCfg = Release|Any CPU
		{273B9E5C-B715-404A-ADF9-7D786502C8E6}.Release|Any CPU.Build.0 = Release|Any CPU
		{C30A278A-0A14-4B41-9B22-F241628587AB}.Debug|Any CPU.ActiveCfg = Debug|Any CPU
		{C30A278A-0A14-4B41-9B22-F241628587AB}.Debug|Any CPU.Build.0 = Debug|Any CPU
		{C30A278A-0A14-4B41-9B22-F241628587AB}.Release|Any CPU.ActiveCfg = Release|Any CPU
		{C30A278A-0A14-4B41-9B22-F241628587AB}.Release|Any CPU.Build.0 = Release|Any CPU
		{22CB4D62-DA0E-4847-9395-9B2FE6F782BB}.Debug|Any CPU.ActiveCfg = Debug|Any CPU
		{22CB4D62-DA0E-4847-9395-9B2FE6F782BB}.Debug|Any CPU.Build.0 = Debug|Any CPU
		{22CB4D62-DA0E-4847-9395-9B2FE6F782BB}.Release|Any CPU.ActiveCfg = Release|Any CPU
		{22CB4D62-DA0E-4847-9395-9B2FE6F782BB}.Release|Any CPU.Build.0 = Release|Any CPU
		{7A61166E-5D5A-4220-A1E2-0B287AF2A2BA}.Debug|Any CPU.ActiveCfg = Debug|Any CPU
		{7A61166E-5D5A-4220-A1E2-0B287AF2A2BA}.Debug|Any CPU.Build.0 = Debug|Any CPU
		{7A61166E-5D5A-4220-A1E2-0B287AF2A2BA}.Release|Any CPU.ActiveCfg = Release|Any CPU
		{7A61166E-5D5A-4220-A1E2-0B287AF2A2BA}.Release|Any CPU.Build.0 = Release|Any CPU
		{B8706BA5-0DAB-4CF0-B38D-09637A77379F}.Debug|Any CPU.ActiveCfg = Debug|Any CPU
		{B8706BA5-0DAB-4CF0-B38D-09637A77379F}.Debug|Any CPU.Build.0 = Debug|Any CPU
		{B8706BA5-0DAB-4CF0-B38D-09637A77379F}.Release|Any CPU.ActiveCfg = Release|Any CPU
		{B8706BA5-0DAB-4CF0-B38D-09637A77379F}.Release|Any CPU.Build.0 = Release|Any CPU
		{92DA33F4-3E9B-450B-81A6-B8A1538E28F6}.Debug|Any CPU.ActiveCfg = Debug|Any CPU
		{92DA33F4-3E9B-450B-81A6-B8A1538E28F6}.Debug|Any CPU.Build.0 = Debug|Any CPU
		{92DA33F4-3E9B-450B-81A6-B8A1538E28F6}.Release|Any CPU.ActiveCfg = Release|Any CPU
		{92DA33F4-3E9B-450B-81A6-B8A1538E28F6}.Release|Any CPU.Build.0 = Release|Any CPU
		{60E6D006-F8B6-4C78-B8F6-DC61A7E05BC7}.Debug|Any CPU.ActiveCfg = Debug|Any CPU
		{60E6D006-F8B6-4C78-B8F6-DC61A7E05BC7}.Debug|Any CPU.Build.0 = Debug|Any CPU
		{60E6D006-F8B6-4C78-B8F6-DC61A7E05BC7}.Release|Any CPU.ActiveCfg = Release|Any CPU
		{60E6D006-F8B6-4C78-B8F6-DC61A7E05BC7}.Release|Any CPU.Build.0 = Release|Any CPU
		{AB09B498-51A2-4851-BDBF-8AEC60A1E393}.Debug|Any CPU.ActiveCfg = Debug|Any CPU
		{AB09B498-51A2-4851-BDBF-8AEC60A1E393}.Debug|Any CPU.Build.0 = Debug|Any CPU
		{AB09B498-51A2-4851-BDBF-8AEC60A1E393}.Release|Any CPU.ActiveCfg = Release|Any CPU
		{AB09B498-51A2-4851-BDBF-8AEC60A1E393}.Release|Any CPU.Build.0 = Release|Any CPU
		{01D4854B-452C-4FCD-9F8F-7D49A3A19D81}.Debug|Any CPU.ActiveCfg = Debug|Any CPU
		{01D4854B-452C-4FCD-9F8F-7D49A3A19D81}.Debug|Any CPU.Build.0 = Debug|Any CPU
		{01D4854B-452C-4FCD-9F8F-7D49A3A19D81}.Release|Any CPU.ActiveCfg = Release|Any CPU
		{01D4854B-452C-4FCD-9F8F-7D49A3A19D81}.Release|Any CPU.Build.0 = Release|Any CPU
		{F427812F-B8D8-45E5-838F-EC07A7C3E348}.Debug|Any CPU.ActiveCfg = Debug|Any CPU
		{F427812F-B8D8-45E5-838F-EC07A7C3E348}.Debug|Any CPU.Build.0 = Debug|Any CPU
		{F427812F-B8D8-45E5-838F-EC07A7C3E348}.Release|Any CPU.ActiveCfg = Release|Any CPU
		{F427812F-B8D8-45E5-838F-EC07A7C3E348}.Release|Any CPU.Build.0 = Release|Any CPU
		{F68E98C6-46E1-46C5-A404-948D7AC7AFC9}.Debug|Any CPU.ActiveCfg = Debug|Any CPU
		{F68E98C6-46E1-46C5-A404-948D7AC7AFC9}.Debug|Any CPU.Build.0 = Debug|Any CPU
		{F68E98C6-46E1-46C5-A404-948D7AC7AFC9}.Release|Any CPU.ActiveCfg = Release|Any CPU
		{F68E98C6-46E1-46C5-A404-948D7AC7AFC9}.Release|Any CPU.Build.0 = Release|Any CPU
	EndGlobalSection
	GlobalSection(SolutionProperties) = preSolution
		HideSolutionNode = FALSE
	EndGlobalSection
	GlobalSection(NestedProjects) = preSolution
		{7BBD2EC7-231D-4D70-9EE7-ADA919BCD7FB} = {36D591C7-65C7-A0D1-1CBC-10CDE441BDC8}
		{273B9E5C-B715-404A-ADF9-7D786502C8E6} = {36D591C7-65C7-A0D1-1CBC-10CDE441BDC8}
		{C30A278A-0A14-4B41-9B22-F241628587AB} = {36D591C7-65C7-A0D1-1CBC-10CDE441BDC8}
		{22CB4D62-DA0E-4847-9395-9B2FE6F782BB} = {4E7282C3-CE8E-46A4-8F3F-CF68FCE63972}
		{7A61166E-5D5A-4220-A1E2-0B287AF2A2BA} = {4E7282C3-CE8E-46A4-8F3F-CF68FCE63972}
		{B8706BA5-0DAB-4CF0-B38D-09637A77379F} = {4E7282C3-CE8E-46A4-8F3F-CF68FCE63972}
		{92DA33F4-3E9B-450B-81A6-B8A1538E28F6} = {B5CD9007-0CEE-4CE6-BC8B-A2824DCD25B0}
		{60E6D006-F8B6-4C78-B8F6-DC61A7E05BC7} = {B5CD9007-0CEE-4CE6-BC8B-A2824DCD25B0}
		{AB09B498-51A2-4851-BDBF-8AEC60A1E393} = {B5CD9007-0CEE-4CE6-BC8B-A2824DCD25B0}
		{01D4854B-452C-4FCD-9F8F-7D49A3A19D81} = {3842796F-6E3E-4648-8B70-898801977C0F}
		{F427812F-B8D8-45E5-838F-EC07A7C3E348} = {3842796F-6E3E-4648-8B70-898801977C0F}
		{F68E98C6-46E1-46C5-A404-948D7AC7AFC9} = {3842796F-6E3E-4648-8B70-898801977C0F}
	EndGlobalSection
	GlobalSection(ExtensibilityGlobals) = postSolution
		SolutionGuid = {8EFA7098-FDE2-451D-9D1F-8BB32A51A09E}
	EndGlobalSection
EndGlobal
